
Microsoft Visual Studio Solution File, Format Version 12.00
# Visual Studio Version 17
VisualStudioVersion = 17.5.002.0
MinimumVisualStudioVersion = 10.0.40219.1
Project("{2150E333-8FDC-42A3-9474-1A3956D46DE8}") = "src", "src", "{A60EEAA6-65F9-4248-A08D-CDD0C56A1A32}"
EndProject
Project("{9A19103F-16F7-4668-BE54-9A1E7A4F7556}") = "Play.Catalog.Service", "src\Play.Catalog.Service\Play.Catalog.Service.csproj", "{6F268E96-8F31-4AB8-AB30-6BB020E68DE8}"
EndProject
Global
	GlobalSection(SolutionConfigurationPlatforms) = preSolution
		Debug|Any CPU = Debug|Any CPU
		Release|Any CPU = Release|Any CPU
	EndGlobalSection
	GlobalSection(ProjectConfigurationPlatforms) = postSolution
		{6F268E96-8F31-4AB8-AB30-6BB020E68DE8}.Debug|Any CPU.ActiveCfg = Debug|Any CPU
		{6F268E96-8F31-4AB8-AB30-6BB020E68DE8}.Debug|Any CPU.Build.0 = Debug|Any CPU
		{6F268E96-8F31-4AB8-AB30-6BB020E68DE8}.Release|Any CPU.ActiveCfg = Release|Any CPU
		{6F268E96-8F31-4AB8-AB30-6BB020E68DE8}.Release|Any CPU.Build.0 = Release|Any CPU
	EndGlobalSection
	GlobalSection(SolutionProperties) = preSolution
		HideSolutionNode = FALSE
	EndGlobalSection
	GlobalSection(NestedProjects) = preSolution
		{6F268E96-8F31-4AB8-AB30-6BB020E68DE8} = {A60EEAA6-65F9-4248-A08D-CDD0C56A1A32}
	EndGlobalSection
	GlobalSection(ExtensibilityGlobals) = postSolution
		SolutionGuid = {12FB36B8-B40C-406B-A3EA-8EFB6A5903A7}
	EndGlobalSection
EndGlobal
