
Microsoft Visual Studio Solution File, Format Version 12.00
# Visual Studio Version 17
VisualStudioVersion = 17.5.002.0
MinimumVisualStudioVersion = 10.0.40219.1
Project("{2150E333-8FDC-42A3-9474-1A3956D46DE8}") = "src", "src", "{A9D0ED4E-14EA-4834-80E3-750EBB1CE80F}"
EndProject
Project("{9A19103F-16F7-4668-BE54-9A1E7A4F7556}") = "Play.Inventory.Service", "src\Play.Inventory.Service\Play.Inventory.Service.csproj", "{7596113F-AA02-466F-B562-E13E49F8FF78}"
EndProject
Global
	GlobalSection(SolutionConfigurationPlatforms) = preSolution
		Debug|Any CPU = Debug|Any CPU
		Release|Any CPU = Release|Any CPU
	EndGlobalSection
	GlobalSection(ProjectConfigurationPlatforms) = postSolution
		{7596113F-AA02-466F-B562-E13E49F8FF78}.Debug|Any CPU.ActiveCfg = Debug|Any CPU
		{7596113F-AA02-466F-B562-E13E49F8FF78}.Debug|Any CPU.Build.0 = Debug|Any CPU
		{7596113F-AA02-466F-B562-E13E49F8FF78}.Release|Any CPU.ActiveCfg = Release|Any CPU
		{7596113F-AA02-466F-B562-E13E49F8FF78}.Release|Any CPU.Build.0 = Release|Any CPU
	EndGlobalSection
	GlobalSection(SolutionProperties) = preSolution
		HideSolutionNode = FALSE
	EndGlobalSection
	GlobalSection(NestedProjects) = preSolution
		{7596113F-AA02-466F-B562-E13E49F8FF78} = {A9D0ED4E-14EA-4834-80E3-750EBB1CE80F}
	EndGlobalSection
	GlobalSection(ExtensibilityGlobals) = postSolution
		SolutionGuid = {AFF13F3A-ED44-418A-854B-EB9467D0006B}
	EndGlobalSection
EndGlobal
